// !$*UTF8*$!
{
	archiveVersion = 1;
	classes = {
	};
	objectVersion = 50;
	objects = {

/* Begin PBXBuildFile section */
		FC348B462507369D00039E2E /* AppDelegate.swift in Sources */ = {isa = PBXBuildFile; fileRef = FC348B452507369D00039E2E /* AppDelegate.swift */; };
		FC348B482507369D00039E2E /* SceneDelegate.swift in Sources */ = {isa = PBXBuildFile; fileRef = FC348B472507369D00039E2E /* SceneDelegate.swift */; };
		FC348B4A2507369D00039E2E /* HomeVC.swift in Sources */ = {isa = PBXBuildFile; fileRef = FC348B492507369D00039E2E /* HomeVC.swift */; };
		FC348B4D2507369D00039E2E /* Main.storyboard in Resources */ = {isa = PBXBuildFile; fileRef = FC348B4B2507369D00039E2E /* Main.storyboard */; };
		FC348B4F2507369F00039E2E /* Assets.xcassets in Resources */ = {isa = PBXBuildFile; fileRef = FC348B4E2507369F00039E2E /* Assets.xcassets */; };
		FC348B522507369F00039E2E /* LaunchScreen.storyboard in Resources */ = {isa = PBXBuildFile; fileRef = FC348B502507369F00039E2E /* LaunchScreen.storyboard */; };
/* End PBXBuildFile section */

/* Begin PBXFileReference section */
		FC348B422507369D00039E2E /* MimGenerator.app */ = {isa = PBXFileReference; explicitFileType = wrapper.application; includeInIndex = 0; path = MimGenerator.app; sourceTree = BUILT_PRODUCTS_DIR; };
		FC348B452507369D00039E2E /* AppDelegate.swift */ = {isa = PBXFileReference; lastKnownFileType = sourcecode.swift; path = AppDelegate.swift; sourceTree = "<group>"; };
		FC348B472507369D00039E2E /* SceneDelegate.swift */ = {isa = PBXFileReference; lastKnownFileType = sourcecode.swift; path = SceneDelegate.swift; sourceTree = "<group>"; };
		FC348B492507369D00039E2E /* HomeVC.swift */ = {isa = PBXFileReference; lastKnownFileType = sourcecode.swift; path = HomeVC.swift; sourceTree = "<group>"; };
		FC348B4C2507369D00039E2E /* Base */ = {isa = PBXFileReference; lastKnownFileType = file.storyboard; name = Base; path = Base.lproj/Main.storyboard; sourceTree = "<group>"; };
		FC348B4E2507369F00039E2E /* Assets.xcassets */ = {isa = PBXFileReference; lastKnownFileType = folder.assetcatalog; path = Assets.xcassets; sourceTree = "<group>"; };
		FC348B512507369F00039E2E /* Base */ = {isa = PBXFileReference; lastKnownFileType = file.storyboard; name = Base; path = Base.lproj/LaunchScreen.storyboard; sourceTree = "<group>"; };
		FC348B532507369F00039E2E /* Info.plist */ = {isa = PBXFileReference; lastKnownFileType = text.plist.xml; path = Info.plist; sourceTree = "<group>"; };
/* End PBXFileReference section */

/* Begin PBXFrameworksBuildPhase section */
		FC348B3F2507369D00039E2E /* Frameworks */ = {
			isa = PBXFrameworksBuildPhase;
			buildActionMask = 2147483647;
			files = (
			);
			runOnlyForDeploymentPostprocessing = 0;
		};
/* End PBXFrameworksBuildPhase section */

/* Begin PBXGroup section */
		FC348B392507369D00039E2E = {
			isa = PBXGroup;
			children = (
				FC348B442507369D00039E2E /* MimGenerator */,
				FC348B432507369D00039E2E /* Products */,
			);
			sourceTree = "<group>";
		};
		FC348B432507369D00039E2E /* Products */ = {
			isa = PBXGroup;
			children = (
				FC348B422507369D00039E2E /* MimGenerator.app */,
			);
			name = Products;
			sourceTree = "<group>";
		};
		FC348B442507369D00039E2E /* MimGenerator */ = {
			isa = PBXGroup;
			children = (
				FC348B5A2507373E00039E2E /* View */,
				FC348B5B2507374500039E2E /* Controller */,
				FC348B592507372000039E2E /* Base */,
			);
			path = MimGenerator;
			sourceTree = "<group>";
		};
		FC348B592507372000039E2E /* Base */ = {
			isa = PBXGroup;
			children = (
				FC348B452507369D00039E2E /* AppDelegate.swift */,
				FC348B472507369D00039E2E /* SceneDelegate.swift */,
				FC348B4E2507369F00039E2E /* Assets.xcassets */,
				FC348B502507369F00039E2E /* LaunchScreen.storyboard */,
				FC348B532507369F00039E2E /* Info.plist */,
			);
			path = Base;
			sourceTree = "<group>";
		};
		FC348B5A2507373E00039E2E /* View */ = {
			isa = PBXGroup;
			children = (
				FC348B4B2507369D00039E2E /* Main.storyboard */,
			);
			path = View;
			sourceTree = "<group>";
		};
		FC348B5B2507374500039E2E /* Controller */ = {
			isa = PBXGroup;
			children = (
				FC348B492507369D00039E2E /* HomeVC.swift */,
			);
			path = Controller;
			sourceTree = "<group>";
		};
/* End PBXGroup section */

/* Begin PBXNativeTarget section */
		FC348B412507369D00039E2E /* MimGenerator */ = {
			isa = PBXNativeTarget;
			buildConfigurationList = FC348B562507369F00039E2E /* Build configuration list for PBXNativeTarget "MimGenerator" */;
			buildPhases = (
				FC348B3E2507369D00039E2E /* Sources */,
				FC348B3F2507369D00039E2E /* Frameworks */,
				FC348B402507369D00039E2E /* Resources */,
			);
			buildRules = (
			);
			dependencies = (
			);
			name = MimGenerator;
			productName = MimGenerator;
			productReference = FC348B422507369D00039E2E /* MimGenerator.app */;
			productType = "com.apple.product-type.application";
		};
/* End PBXNativeTarget section */

/* Begin PBXProject section */
		FC348B3A2507369D00039E2E /* Project object */ = {
			isa = PBXProject;
			attributes = {
				LastSwiftUpdateCheck = 1170;
				LastUpgradeCheck = 1170;
				ORGANIZATIONNAME = omrobbie;
				TargetAttributes = {
					FC348B412507369D00039E2E = {
						CreatedOnToolsVersion = 11.7;
					};
				};
			};
			buildConfigurationList = FC348B3D2507369D00039E2E /* Build configuration list for PBXProject "MimGenerator" */;
			compatibilityVersion = "Xcode 9.3";
			developmentRegion = en;
			hasScannedForEncodings = 0;
			knownRegions = (
				en,
				Base,
			);
			mainGroup = FC348B392507369D00039E2E;
			productRefGroup = FC348B432507369D00039E2E /* Products */;
			projectDirPath = "";
			projectRoot = "";
			targets = (
				FC348B412507369D00039E2E /* MimGenerator */,
			);
		};
/* End PBXProject section */

/* Begin PBXResourcesBuildPhase section */
		FC348B402507369D00039E2E /* Resources */ = {
			isa = PBXResourcesBuildPhase;
			buildActionMask = 2147483647;
			files = (
				FC348B522507369F00039E2E /* LaunchScreen.storyboard in Resources */,
				FC348B4F2507369F00039E2E /* Assets.xcassets in Resources */,
				FC348B4D2507369D00039E2E /* Main.storyboard in Resources */,
			);
			runOnlyForDeploymentPostprocessing = 0;
		};
/* End PBXResourcesBuildPhase section */

/* Begin PBXSourcesBuildPhase section */
		FC348B3E2507369D00039E2E /* Sources */ = {
			isa = PBXSourcesBuildPhase;
			buildActionMask = 2147483647;
			files = (
				FC348B4A2507369D00039E2E /* HomeVC.swift in Sources */,
				FC348B462507369D00039E2E /* AppDelegate.swift in Sources */,
				FC348B482507369D00039E2E /* SceneDelegate.swift in Sources */,
			);
			runOnlyForDeploymentPostprocessing = 0;
		};
/* End PBXSourcesBuildPhase section */

/* Begin PBXVariantGroup section */
		FC348B4B2507369D00039E2E /* Main.storyboard */ = {
			isa = PBXVariantGroup;
			children = (
				FC348B4C2507369D00039E2E /* Base */,
			);
			name = Main.storyboard;
			sourceTree = "<group>";
		};
		FC348B502507369F00039E2E /* LaunchScreen.storyboard */ = {
			isa = PBXVariantGroup;
			children = (
				FC348B512507369F00039E2E /* Base */,
			);
			name = LaunchScreen.storyboard;
			sourceTree = "<group>";
		};
/* End PBXVariantGroup section */

/* Begin XCBuildConfiguration section */
		FC348B542507369F00039E2E /* Debug */ = {
			isa = XCBuildConfiguration;
			buildSettings = {
				ALWAYS_SEARCH_USER_PATHS = NO;
				CLANG_ANALYZER_NONNULL = YES;
				CLANG_ANALYZER_NUMBER_OBJECT_CONVERSION = YES_AGGRESSIVE;
				CLANG_CXX_LANGUAGE_STANDARD = "gnu++14";
				CLANG_CXX_LIBRARY = "libc++";
				CLANG_ENABLE_MODULES = YES;
				CLANG_ENABLE_OBJC_ARC = YES;
				CLANG_ENABLE_OBJC_WEAK = YES;
				CLANG_WARN_BLOCK_CAPTURE_AUTORELEASING = YES;
				CLANG_WARN_BOOL_CONVERSION = YES;
				CLANG_WARN_COMMA = YES;
				CLANG_WARN_CONSTANT_CONVERSION = YES;
				CLANG_WARN_DEPRECATED_OBJC_IMPLEMENTATIONS = YES;
				CLANG_WARN_DIRECT_OBJC_ISA_USAGE = YES_ERROR;
				CLANG_WARN_DOCUMENTATION_COMMENTS = YES;
				CLANG_WARN_EMPTY_BODY = YES;
				CLANG_WARN_ENUM_CONVERSION = YES;
				CLANG_WARN_INFINITE_RECURSION = YES;
				CLANG_WARN_INT_CONVERSION = YES;
				CLANG_WARN_NON_LITERAL_NULL_CONVERSION = YES;
				CLANG_WARN_OBJC_IMPLICIT_RETAIN_SELF = YES;
				CLANG_WARN_OBJC_LITERAL_CONVERSION = YES;
				CLANG_WARN_OBJC_ROOT_CLASS = YES_ERROR;
				CLANG_WARN_RANGE_LOOP_ANALYSIS = YES;
				CLANG_WARN_STRICT_PROTOTYPES = YES;
				CLANG_WARN_SUSPICIOUS_MOVE = YES;
				CLANG_WARN_UNGUARDED_AVAILABILITY = YES_AGGRESSIVE;
				CLANG_WARN_UNREACHABLE_CODE = YES;
				CLANG_WARN__DUPLICATE_METHOD_MATCH = YES;
				COPY_PHASE_STRIP = NO;
				DEBUG_INFORMATION_FORMAT = dwarf;
				ENABLE_STRICT_OBJC_MSGSEND = YES;
				ENABLE_TESTABILITY = YES;
				GCC_C_LANGUAGE_STANDARD = gnu11;
				GCC_DYNAMIC_NO_PIC = NO;
				GCC_NO_COMMON_BLOCKS = YES;
				GCC_OPTIMIZATION_LEVEL = 0;
				GCC_PREPROCESSOR_DEFINITIONS = (
					"DEBUG=1",
					"$(inherited)",
				);
				GCC_WARN_64_TO_32_BIT_CONVERSION = YES;
				GCC_WARN_ABOUT_RETURN_TYPE = YES_ERROR;
				GCC_WARN_UNDECLARED_SELECTOR = YES;
				GCC_WARN_UNINITIALIZED_AUTOS = YES_AGGRESSIVE;
				GCC_WARN_UNUSED_FUNCTION = YES;
				GCC_WARN_UNUSED_VARIABLE = YES;
				IPHONEOS_DEPLOYMENT_TARGET = 13.7;
				MTL_ENABLE_DEBUG_INFO = INCLUDE_SOURCE;
				MTL_FAST_MATH = YES;
				ONLY_ACTIVE_ARCH = YES;
				SDKROOT = iphoneos;
				SWIFT_ACTIVE_COMPILATION_CONDITIONS = DEBUG;
				SWIFT_OPTIMIZATION_LEVEL = "-Onone";
			};
			name = Debug;
		};
		FC348B552507369F00039E2E /* Release */ = {
			isa = XCBuildConfiguration;
			buildSettings = {
				ALWAYS_SEARCH_USER_PATHS = NO;
				CLANG_ANALYZER_NONNULL = YES;
				CLANG_ANALYZER_NUMBER_OBJECT_CONVERSION = YES_AGGRESSIVE;
				CLANG_CXX_LANGUAGE_STANDARD = "gnu++14";
				CLANG_CXX_LIBRARY = "libc++";
				CLANG_ENABLE_MODULES = YES;
				CLANG_ENABLE_OBJC_ARC = YES;
				CLANG_ENABLE_OBJC_WEAK = YES;
				CLANG_WARN_BLOCK_CAPTURE_AUTORELEASING = YES;
				CLANG_WARN_BOOL_CONVERSION = YES;
				CLANG_WARN_COMMA = YES;
				CLANG_WARN_CONSTANT_CONVERSION = YES;
				CLANG_WARN_DEPRECATED_OBJC_IMPLEMENTATIONS = YES;
				CLANG_WARN_DIRECT_OBJC_ISA_USAGE = YES_ERROR;
				CLANG_WARN_DOCUMENTATION_COMMENTS = YES;
				CLANG_WARN_EMPTY_BODY = YES;
				CLANG_WARN_ENUM_CONVERSION = YES;
				CLANG_WARN_INFINITE_RECURSION = YES;
				CLANG_WARN_INT_CONVERSION = YES;
				CLANG_WARN_NON_LITERAL_NULL_CONVERSION = YES;
				CLANG_WARN_OBJC_IMPLICIT_RETAIN_SELF = YES;
				CLANG_WARN_OBJC_LITERAL_CONVERSION = YES;
				CLANG_WARN_OBJC_ROOT_CLASS = YES_ERROR;
				CLANG_WARN_RANGE_LOOP_ANALYSIS = YES;
				CLANG_WARN_STRICT_PROTOTYPES = YES;
				CLANG_WARN_SUSPICIOUS_MOVE = YES;
				CLANG_WARN_UNGUARDED_AVAILABILITY = YES_AGGRESSIVE;
				CLANG_WARN_UNREACHABLE_CODE = YES;
				CLANG_WARN__DUPLICATE_METHOD_MATCH = YES;
				COPY_PHASE_STRIP = NO;
				DEBUG_INFORMATION_FORMAT = "dwarf-with-dsym";
				ENABLE_NS_ASSERTIONS = NO;
				ENABLE_STRICT_OBJC_MSGSEND = YES;
				GCC_C_LANGUAGE_STANDARD = gnu11;
				GCC_NO_COMMON_BLOCKS = YES;
				GCC_WARN_64_TO_32_BIT_CONVERSION = YES;
				GCC_WARN_ABOUT_RETURN_TYPE = YES_ERROR;
				GCC_WARN_UNDECLARED_SELECTOR = YES;
				GCC_WARN_UNINITIALIZED_AUTOS = YES_AGGRESSIVE;
				GCC_WARN_UNUSED_FUNCTION = YES;
				GCC_WARN_UNUSED_VARIABLE = YES;
				IPHONEOS_DEPLOYMENT_TARGET = 13.7;
				MTL_ENABLE_DEBUG_INFO = NO;
				MTL_FAST_MATH = YES;
				SDKROOT = iphoneos;
				SWIFT_COMPILATION_MODE = wholemodule;
				SWIFT_OPTIMIZATION_LEVEL = "-O";
				VALIDATE_PRODUCT = YES;
			};
			name = Release;
		};
		FC348B572507369F00039E2E /* Debug */ = {
			isa = XCBuildConfiguration;
			buildSettings = {
				ASSETCATALOG_COMPILER_APPICON_NAME = AppIcon;
				CODE_SIGN_STYLE = Automatic;
				INFOPLIST_FILE = MimGenerator/Base/Info.plist;
				LD_RUNPATH_SEARCH_PATHS = (
					"$(inherited)",
					"@executable_path/Frameworks",
				);
				PRODUCT_BUNDLE_IDENTIFIER = com.omrobbie.MimGenerator;
				PRODUCT_NAME = "$(TARGET_NAME)";
				SWIFT_VERSION = 5.0;
				TARGETED_DEVICE_FAMILY = 1;
			};
			name = Debug;
		};
		FC348B582507369F00039E2E /* Release */ = {
			isa = XCBuildConfiguration;
			buildSettings = {
				ASSETCATALOG_COMPILER_APPICON_NAME = AppIcon;
				CODE_SIGN_STYLE = Automatic;
				INFOPLIST_FILE = MimGenerator/Base/Info.plist;
				LD_RUNPATH_SEARCH_PATHS = (
					"$(inherited)",
					"@executable_path/Frameworks",
				);
				PRODUCT_BUNDLE_IDENTIFIER = com.omrobbie.MimGenerator;
				PRODUCT_NAME = "$(TARGET_NAME)";
				SWIFT_VERSION = 5.0;
				TARGETED_DEVICE_FAMILY = 1;
			};
			name = Release;
		};
/* End XCBuildConfiguration section */

/* Begin XCConfigurationList section */
		FC348B3D2507369D00039E2E /* Build configuration list for PBXProject "MimGenerator" */ = {
			isa = XCConfigurationList;
			buildConfigurations = (
				FC348B542507369F00039E2E /* Debug */,
				FC348B552507369F00039E2E /* Release */,
			);
			defaultConfigurationIsVisible = 0;
			defaultConfigurationName = Release;
		};
		FC348B562507369F00039E2E /* Build configuration list for PBXNativeTarget "MimGenerator" */ = {
			isa = XCConfigurationList;
			buildConfigurations = (
				FC348B572507369F00039E2E /* Debug */,
				FC348B582507369F00039E2E /* Release */,
			);
			defaultConfigurationIsVisible = 0;
			defaultConfigurationName = Release;
		};
/* End XCConfigurationList section */
	};
	rootObject = FC348B3A2507369D00039E2E /* Project object */;
}
